{
  "version": 4,
  "terraform_version": "1.1.9",
  "serial": 14,
  "lineage": "6ca4c044-7484-0df8-f804-119067a553f0",
  "outputs": {},
  "resources": [
    {
      "mode": "managed",
      "type": "azurerm_resource_group",
      "name": "debuggingpresentation",
      "provider": "provider[\"registry.terraform.io/hashicorp/azurerm\"]",
      "instances": [
        {
          "schema_version": 0,
          "attributes": {
            "id": "/subscriptions/7839da1c-05e4-46f1-b927-3e65f46d7549/resourceGroups/debugging_presentation",
            "location": "uksouth",
            "name": "debugging_presentation",
            "tags": {},
            "timeouts": null
          },
          "sensitive_attributes": [],
          "private": "eyJlMmJmYjczMC1lY2FhLTExZTYtOGY4OC0zNDM2M2JjN2M0YzAiOnsiY3JlYXRlIjo1NDAwMDAwMDAwMDAwLCJkZWxldGUiOjU0MDAwMDAwMDAwMDAsInJlYWQiOjMwMDAwMDAwMDAwMCwidXBkYXRlIjo1NDAwMDAwMDAwMDAwfX0="
        }
      ]
    },
    {
      "mode": "managed",
      "type": "azurerm_route_table",
      "name": "debuggingpresentation",
      "provider": "provider[\"registry.terraform.io/hashicorp/azurerm\"]",
      "instances": [
        {
          "schema_version": 0,
          "attributes": {
            "disable_bgp_route_propagation": false,
            "id": "/subscriptions/7839da1c-05e4-46f1-b927-3e65f46d7549/resourceGroups/debugging_presentation/providers/Microsoft.Network/routeTables/debugging-route-table",
            "location": "uksouth",
            "name": "debugging-route-table",
            "resource_group_name": "debugging_presentation",
            "route": [
              {
                "address_prefix": "0.0.0.0/0",
                "name": "outbound",
                "next_hop_in_ip_address": "",
                "next_hop_type": "Internet"
              }
            ],
            "subnets": [
              "/subscriptions/7839da1c-05e4-46f1-b927-3e65f46d7549/resourceGroups/debugging_presentation/providers/Microsoft.Network/virtualNetworks/debugging_vnet/subnets/debugging-subnet"
            ],
            "tags": {},
            "timeouts": null
          },
          "sensitive_attributes": [],
          "private": "eyJlMmJmYjczMC1lY2FhLTExZTYtOGY4OC0zNDM2M2JjN2M0YzAiOnsiY3JlYXRlIjoxODAwMDAwMDAwMDAwLCJkZWxldGUiOjE4MDAwMDAwMDAwMDAsInJlYWQiOjMwMDAwMDAwMDAwMCwidXBkYXRlIjoxODAwMDAwMDAwMDAwfX0=",
          "dependencies": [
            "azurerm_resource_group.debuggingpresentation"
          ]
        }
      ]
    },
    {
      "mode": "managed",
      "type": "azurerm_subnet",
      "name": "debuggingpresentation",
      "provider": "provider[\"registry.terraform.io/hashicorp/azurerm\"]",
      "instances": [
        {
          "schema_version": 0,
          "attributes": {
            "address_prefixes": [
              "10.0.1.0/24"
            ],
            "delegation": [],
            "enforce_private_link_endpoint_network_policies": false,
            "enforce_private_link_service_network_policies": false,
            "id": "/subscriptions/7839da1c-05e4-46f1-b927-3e65f46d7549/resourceGroups/debugging_presentation/providers/Microsoft.Network/virtualNetworks/debugging_vnet/subnets/debugging-subnet",
            "name": "debugging-subnet",
            "resource_group_name": "debugging_presentation",
            "service_endpoint_policy_ids": [],
            "service_endpoints": [],
            "timeouts": null,
            "virtual_network_name": "debugging_vnet"
          },
          "sensitive_attributes": [],
          "private": "eyJlMmJmYjczMC1lY2FhLTExZTYtOGY4OC0zNDM2M2JjN2M0YzAiOnsiY3JlYXRlIjoxODAwMDAwMDAwMDAwLCJkZWxldGUiOjE4MDAwMDAwMDAwMDAsInJlYWQiOjMwMDAwMDAwMDAwMCwidXBkYXRlIjoxODAwMDAwMDAwMDAwfX0=",
          "dependencies": [
            "azurerm_resource_group.debuggingpresentation",
            "azurerm_virtual_network.debuggingpresentation"
          ]
        }
      ]
    },
    {
      "mode": "managed",
      "type": "azurerm_subnet_route_table_association",
      "name": "debuggingpresentation",
      "provider": "provider[\"registry.terraform.io/hashicorp/azurerm\"]",
      "instances": [
        {
          "schema_version": 0,
          "attributes": {
            "id": "/subscriptions/7839da1c-05e4-46f1-b927-3e65f46d7549/resourceGroups/debugging_presentation/providers/Microsoft.Network/virtualNetworks/debugging_vnet/subnets/debugging-subnet",
            "route_table_id": "/subscriptions/7839da1c-05e4-46f1-b927-3e65f46d7549/resourceGroups/debugging_presentation/providers/Microsoft.Network/routeTables/debugging-route-table",
            "subnet_id": "/subscriptions/7839da1c-05e4-46f1-b927-3e65f46d7549/resourceGroups/debugging_presentation/providers/Microsoft.Network/virtualNetworks/debugging_vnet/subnets/debugging-subnet",
            "timeouts": null
          },
          "sensitive_attributes": [],
          "private": "eyJlMmJmYjczMC1lY2FhLTExZTYtOGY4OC0zNDM2M2JjN2M0YzAiOnsiY3JlYXRlIjoxODAwMDAwMDAwMDAwLCJkZWxldGUiOjE4MDAwMDAwMDAwMDAsInJlYWQiOjMwMDAwMDAwMDAwMCwidXBkYXRlIjoxODAwMDAwMDAwMDAwfX0=",
          "dependencies": [
            "azurerm_resource_group.debuggingpresentation",
            "azurerm_route_table.debuggingpresentation",
            "azurerm_subnet.debuggingpresentation",
            "azurerm_virtual_network.debuggingpresentation"
          ]
        }
      ]
    },
    {
      "mode": "managed",
      "type": "azurerm_virtual_network",
      "name": "debuggingpresentation",
      "provider": "provider[\"registry.terraform.io/hashicorp/azurerm\"]",
      "instances": [
        {
          "schema_version": 0,
          "attributes": {
            "address_space": [
              "10.0.0.0/16"
            ],
            "bgp_community": "",
            "ddos_protection_plan": [],
            "dns_servers": [],
            "edge_zone": "",
            "flow_timeout_in_minutes": 0,
            "guid": "e2da23fe-3e99-4656-a540-ed0c321957a9",
            "id": "/subscriptions/7839da1c-05e4-46f1-b927-3e65f46d7549/resourceGroups/debugging_presentation/providers/Microsoft.Network/virtualNetworks/debugging_vnet",
            "location": "uksouth",
            "name": "debugging_vnet",
            "resource_group_name": "debugging_presentation",
            "subnet": [
              {
                "address_prefix": "10.0.1.0/24",
                "id": "/subscriptions/7839da1c-05e4-46f1-b927-3e65f46d7549/resourceGroups/debugging_presentation/providers/Microsoft.Network/virtualNetworks/debugging_vnet/subnets/debugging-subnet",
                "name": "debugging-subnet",
                "security_group": ""
              }
            ],
            "tags": {},
            "timeouts": null
          },
          "sensitive_attributes": [],
          "private": "eyJlMmJmYjczMC1lY2FhLTExZTYtOGY4OC0zNDM2M2JjN2M0YzAiOnsiY3JlYXRlIjoxODAwMDAwMDAwMDAwLCJkZWxldGUiOjE4MDAwMDAwMDAwMDAsInJlYWQiOjMwMDAwMDAwMDAwMCwidXBkYXRlIjoxODAwMDAwMDAwMDAwfX0=",
          "dependencies": [
            "azurerm_resource_group.debuggingpresentation"
          ]
        }
      ]
    }
  ]
}
